
Microsoft Visual Studio Solution File, Format Version 12.00
# Visual Studio Version 16
VisualStudioVersion = 16.0.32002.261
MinimumVisualStudioVersion = 10.0.40219.1
Project("{FAE04EC0-301F-11D3-BF4B-00C04F79EFBC}") = "PruebaClaroDom.Server", "PruebaClaroDom\Server\PruebaClaroDom.Server.csproj", "{5EDEF929-87CE-4D72-B9D3-F234340F1188}"
EndProject
Project("{FAE04EC0-301F-11D3-BF4B-00C04F79EFBC}") = "PruebaClaroDom.Client", "PruebaClaroDom\Client\PruebaClaroDom.Client.csproj", "{0CC7F949-B832-4540-BBF9-988B88A77736}"
EndProject
Project("{FAE04EC0-301F-11D3-BF4B-00C04F79EFBC}") = "PruebaClaroDom.Shared", "PruebaClaroDom\Shared\PruebaClaroDom.Shared.csproj", "{2F7C765E-16EC-4B5E-8883-0FDFE69193BC}"
EndProject
Project("{FAE04EC0-301F-11D3-BF4B-00C04F79EFBC}") = "PruebaClaroDom.Model", "PruebaClaroDom.Model\PruebaClaroDom.Model.csproj", "{C9A4EA32-7AAF-4B50-AB23-412ACE7C26F6}"
EndProject
Global
	GlobalSection(SolutionConfigurationPlatforms) = preSolution
		Debug|Any CPU = Debug|Any CPU
		Release|Any CPU = Release|Any CPU
	EndGlobalSection
	GlobalSection(ProjectConfigurationPlatforms) = postSolution
		{5EDEF929-87CE-4D72-B9D3-F234340F1188}.Debug|Any CPU.ActiveCfg = Debug|Any CPU
		{5EDEF929-87CE-4D72-B9D3-F234340F1188}.Debug|Any CPU.Build.0 = Debug|Any CPU
		{5EDEF929-87CE-4D72-B9D3-F234340F1188}.Release|Any CPU.ActiveCfg = Release|Any CPU
		{5EDEF929-87CE-4D72-B9D3-F234340F1188}.Release|Any CPU.Build.0 = Release|Any CPU
		{0CC7F949-B832-4540-BBF9-988B88A77736}.Debug|Any CPU.ActiveCfg = Debug|Any CPU
		{0CC7F949-B832-4540-BBF9-988B88A77736}.Debug|Any CPU.Build.0 = Debug|Any CPU
		{0CC7F949-B832-4540-BBF9-988B88A77736}.Release|Any CPU.ActiveCfg = Release|Any CPU
		{0CC7F949-B832-4540-BBF9-988B88A77736}.Release|Any CPU.Build.0 = Release|Any CPU
		{2F7C765E-16EC-4B5E-8883-0FDFE69193BC}.Debug|Any CPU.ActiveCfg = Debug|Any CPU
		{2F7C765E-16EC-4B5E-8883-0FDFE69193BC}.Debug|Any CPU.Build.0 = Debug|Any CPU
		{2F7C765E-16EC-4B5E-8883-0FDFE69193BC}.Release|Any CPU.ActiveCfg = Release|Any CPU
		{2F7C765E-16EC-4B5E-8883-0FDFE69193BC}.Release|Any CPU.Build.0 = Release|Any CPU
		{C9A4EA32-7AAF-4B50-AB23-412ACE7C26F6}.Debug|Any CPU.ActiveCfg = Debug|Any CPU
		{C9A4EA32-7AAF-4B50-AB23-412ACE7C26F6}.Debug|Any CPU.Build.0 = Debug|Any CPU
		{C9A4EA32-7AAF-4B50-AB23-412ACE7C26F6}.Release|Any CPU.ActiveCfg = Release|Any CPU
		{C9A4EA32-7AAF-4B50-AB23-412ACE7C26F6}.Release|Any CPU.Build.0 = Release|Any CPU
	EndGlobalSection
	GlobalSection(SolutionProperties) = preSolution
		HideSolutionNode = FALSE
	EndGlobalSection
	GlobalSection(ExtensibilityGlobals) = postSolution
		SolutionGuid = {BFB3799D-6955-44A4-94A0-FC5C5D7FFB44}
	EndGlobalSection
EndGlobal
